{
  "version": 4,
  "terraform_version": "0.12.24",
  "serial": 11,
  "lineage": "dd7829f8-72ac-b8f7-d3c6-ddc71a7157c2",
  "outputs": {},
  "resources": [
    {
      "mode": "managed",
      "type": "google_compute_instance",
      "name": "blaze-instance",
      "provider": "provider.google",
      "instances": [
        {
          "schema_version": 6,
          "attributes": {
            "allow_stopping_for_update": null,
            "attached_disk": [],
            "boot_disk": [
              {
                "auto_delete": true,
                "device_name": "persistent-disk-0",
                "disk_encryption_key_raw": "",
                "disk_encryption_key_sha256": "",
                "initialize_params": [
                  {
                    "image": "https://www.googleapis.com/compute/v1/projects/aaront-armory1/global/images/blaze-image1",
                    "labels": {},
                    "size": 15,
                    "type": "pd-standard"
                  }
                ],
                "kms_key_self_link": "",
                "mode": "READ_WRITE",
                "source": "https://www.googleapis.com/compute/v1/projects/aaront-armory1/zones/us-west1-b/disks/instance-from-image"
              }
            ],
            "can_ip_forward": true,
            "cpu_platform": "Intel Broadwell",
            "current_status": "RUNNING",
            "deletion_protection": false,
            "description": "",
            "desired_status": null,
            "enable_display": false,
            "guest_accelerator": [],
            "hostname": "",
            "id": "projects/aaront-armory1/zones/us-west1-b/instances/instance-from-image",
            "instance_id": "9194304512095351181",
            "label_fingerprint": "42WmSpB8rSM=",
            "labels": null,
            "machine_type": "n1-standard-1",
            "metadata": {
              "app": "blazer"
            },
            "metadata_fingerprint": "gqLrTcJZTs8=",
            "metadata_startup_script": "",
            "min_cpu_platform": "",
            "name": "instance-from-image",
            "network_interface": [
              {
                "access_config": [],
                "alias_ip_range": [],
                "name": "nic0",
                "network": "https://www.googleapis.com/compute/v1/projects/aaront-armory1/global/networks/default",
                "network_ip": "10.138.0.8",
                "subnetwork": "https://www.googleapis.com/compute/v1/projects/aaront-armory1/regions/us-west1/subnetworks/default",
                "subnetwork_project": "aaront-armory1"
              }
            ],
            "project": "aaront-armory1",
            "scheduling": [
              {
                "automatic_restart": true,
                "node_affinities": [],
                "on_host_maintenance": "MIGRATE",
                "preemptible": false
              }
            ],
            "scratch_disk": [],
            "self_link": "https://www.googleapis.com/compute/v1/projects/aaront-armory1/zones/us-west1-b/instances/instance-from-image",
            "service_account": [],
            "shielded_instance_config": [
              {
                "enable_integrity_monitoring": true,
                "enable_secure_boot": false,
                "enable_vtpm": true
              }
            ],
            "tags": null,
            "tags_fingerprint": "42WmSpB8rSM=",
            "timeouts": null,
            "zone": "us-west1-b"
          },
          "private": "eyJlMmJmYjczMC1lY2FhLTExZTYtOGY4OC0zNDM2M2JjN2M0YzAiOnsiY3JlYXRlIjoxMjAwMDAwMDAwMDAwLCJkZWxldGUiOjEyMDAwMDAwMDAwMDAsInVwZGF0ZSI6MTIwMDAwMDAwMDAwMH0sInNjaGVtYV92ZXJzaW9uIjoiNiJ9"
        }
      ]
    }
  ]
}
